
Microsoft Visual Studio Solution File, Format Version 12.00
# Visual Studio Version 17
VisualStudioVersion = 17.6.33723.286
MinimumVisualStudioVersion = 10.0.40219.1
Project("{FAE04EC0-301F-11D3-BF4B-00C04F79EFBC}") = "PocketCinemaAPIService", "PocketCinemaAPIService.csproj", "{0A13E31B-897C-482A-B552-F9235354976D}"
EndProject
Global
	GlobalSection(SolutionConfigurationPlatforms) = preSolution
		Debug|Any CPU = Debug|Any CPU
		Release|Any CPU = Release|Any CPU
	EndGlobalSection
	GlobalSection(ProjectConfigurationPlatforms) = postSolution
		{0A13E31B-897C-482A-B552-F9235354976D}.Debug|Any CPU.ActiveCfg = Debug|Any CPU
		{0A13E31B-897C-482A-B552-F9235354976D}.Debug|Any CPU.Build.0 = Debug|Any CPU
		{0A13E31B-897C-482A-B552-F9235354976D}.Release|Any CPU.ActiveCfg = Release|Any CPU
		{0A13E31B-897C-482A-B552-F9235354976D}.Release|Any CPU.Build.0 = Release|Any CPU
	EndGlobalSection
	GlobalSection(SolutionProperties) = preSolution
		HideSolutionNode = FALSE
	EndGlobalSection
	GlobalSection(ExtensibilityGlobals) = postSolution
		SolutionGuid = {37A3002E-ECF9-4783-A3F3-BC512A9CDD07}
	EndGlobalSection
EndGlobal
